
Microsoft Visual Studio Solution File, Format Version 12.00
# Visual Studio Version 16
VisualStudioVersion = 16.0.30114.105
MinimumVisualStudioVersion = 10.0.40219.1
Project("{FAE04EC0-301F-11D3-BF4B-00C04F79EFBC}") = "BlazorCanvasApp", "BlazorCanvasApp\BlazorCanvasApp.csproj", "{05D985EA-BAC7-41CB-A3B9-ABBD0E0DEEDB}"
EndProject
Global
	GlobalSection(SolutionConfigurationPlatforms) = preSolution
		Debug|Any CPU = Debug|Any CPU
		Release|Any CPU = Release|Any CPU
	EndGlobalSection
	GlobalSection(ProjectConfigurationPlatforms) = postSolution
		{05D985EA-BAC7-41CB-A3B9-ABBD0E0DEEDB}.Debug|Any CPU.ActiveCfg = Debug|Any CPU
		{05D985EA-BAC7-41CB-A3B9-ABBD0E0DEEDB}.Debug|Any CPU.Build.0 = Debug|Any CPU
		{05D985EA-BAC7-41CB-A3B9-ABBD0E0DEEDB}.Release|Any CPU.ActiveCfg = Release|Any CPU
		{05D985EA-BAC7-41CB-A3B9-ABBD0E0DEEDB}.Release|Any CPU.Build.0 = Release|Any CPU
	EndGlobalSection
	GlobalSection(SolutionProperties) = preSolution
		HideSolutionNode = FALSE
	EndGlobalSection
	GlobalSection(ExtensibilityGlobals) = postSolution
		SolutionGuid = {F69F9CC7-1C50-4181-BB6B-54CD151428CE}
	EndGlobalSection
EndGlobal
